
Microsoft Visual Studio Solution File, Format Version 12.00
# Visual Studio Version 17
VisualStudioVersion = 17.11.35327.3
MinimumVisualStudioVersion = 10.0.40219.1
Project("{FAE04EC0-301F-11D3-BF4B-00C04F79EFBC}") = "CarInsurance", "CarInsurance\CarInsurance.csproj", "{4B0A2A7B-CA2B-4932-858D-AD26272EE7BB}"
EndProject
Global
	GlobalSection(SolutionConfigurationPlatforms) = preSolution
		Debug|Any CPU = Debug|Any CPU
		Release|Any CPU = Release|Any CPU
	EndGlobalSection
	GlobalSection(ProjectConfigurationPlatforms) = postSolution
		{4B0A2A7B-CA2B-4932-858D-AD26272EE7BB}.Debug|Any CPU.ActiveCfg = Debug|Any CPU
		{4B0A2A7B-CA2B-4932-858D-AD26272EE7BB}.Debug|Any CPU.Build.0 = Debug|Any CPU
		{4B0A2A7B-CA2B-4932-858D-AD26272EE7BB}.Release|Any CPU.ActiveCfg = Release|Any CPU
		{4B0A2A7B-CA2B-4932-858D-AD26272EE7BB}.Release|Any CPU.Build.0 = Release|Any CPU
	EndGlobalSection
	GlobalSection(SolutionProperties) = preSolution
		HideSolutionNode = FALSE
	EndGlobalSection
	GlobalSection(ExtensibilityGlobals) = postSolution
		SolutionGuid = {0A861165-4F03-4A0F-8A7C-8CA75BAB393F}
	EndGlobalSection
EndGlobal
