
Microsoft Visual Studio Solution File, Format Version 12.00
# Visual Studio Version 17
VisualStudioVersion = 17.11.35312.102
MinimumVisualStudioVersion = 10.0.40219.1
Project("{FAE04EC0-301F-11D3-BF4B-00C04F79EFBC}") = "LoopsVideo", "LoopsVideo\LoopsVideo.csproj", "{71E94EA9-5759-4AFF-AC23-A53796071FA8}"
EndProject
Global
	GlobalSection(SolutionConfigurationPlatforms) = preSolution
		Debug|Any CPU = Debug|Any CPU
		Release|Any CPU = Release|Any CPU
	EndGlobalSection
	GlobalSection(ProjectConfigurationPlatforms) = postSolution
		{71E94EA9-5759-4AFF-AC23-A53796071FA8}.Debug|Any CPU.ActiveCfg = Debug|Any CPU
		{71E94EA9-5759-4AFF-AC23-A53796071FA8}.Debug|Any CPU.Build.0 = Debug|Any CPU
		{71E94EA9-5759-4AFF-AC23-A53796071FA8}.Release|Any CPU.ActiveCfg = Release|Any CPU
		{71E94EA9-5759-4AFF-AC23-A53796071FA8}.Release|Any CPU.Build.0 = Release|Any CPU
	EndGlobalSection
	GlobalSection(SolutionProperties) = preSolution
		HideSolutionNode = FALSE
	EndGlobalSection
	GlobalSection(ExtensibilityGlobals) = postSolution
		SolutionGuid = {83EB05FB-6AA2-47DF-8CFC-6AA9BE0D9DB5}
	EndGlobalSection
EndGlobal
