
Microsoft Visual Studio Solution File, Format Version 12.00
# Visual Studio Version 17
VisualStudioVersion = 17.11.35327.3
MinimumVisualStudioVersion = 10.0.40219.1
Project("{FAE04EC0-301F-11D3-BF4B-00C04F79EFBC}") = "ChallengeSubmission#544", "ChallengeSubmission#544\ChallengeSubmission#544.csproj", "{71DE5AE2-6C87-4C8F-A594-80AFB2EE544A}"
EndProject
Global
	GlobalSection(SolutionConfigurationPlatforms) = preSolution
		Debug|Any CPU = Debug|Any CPU
		Release|Any CPU = Release|Any CPU
	EndGlobalSection
	GlobalSection(ProjectConfigurationPlatforms) = postSolution
		{71DE5AE2-6C87-4C8F-A594-80AFB2EE544A}.Debug|Any CPU.ActiveCfg = Debug|Any CPU
		{71DE5AE2-6C87-4C8F-A594-80AFB2EE544A}.Debug|Any CPU.Build.0 = Debug|Any CPU
		{71DE5AE2-6C87-4C8F-A594-80AFB2EE544A}.Release|Any CPU.ActiveCfg = Release|Any CPU
		{71DE5AE2-6C87-4C8F-A594-80AFB2EE544A}.Release|Any CPU.Build.0 = Release|Any CPU
	EndGlobalSection
	GlobalSection(SolutionProperties) = preSolution
		HideSolutionNode = FALSE
	EndGlobalSection
	GlobalSection(ExtensibilityGlobals) = postSolution
		SolutionGuid = {A1438073-3E2B-4FAA-891F-174552D48014}
	EndGlobalSection
EndGlobal
