
Microsoft Visual Studio Solution File, Format Version 12.00
# Visual Studio Version 17
VisualStudioVersion = 17.11.35327.3
MinimumVisualStudioVersion = 10.0.40219.1
Project("{FAE04EC0-301F-11D3-BF4B-00C04F79EFBC}") = "NewsletterAppMVC", "NewsletterAppMVC\NewsletterAppMVC.csproj", "{2158B253-12D6-40EE-8EDA-EE9602409DA5}"
EndProject
Global
	GlobalSection(SolutionConfigurationPlatforms) = preSolution
		Debug|Any CPU = Debug|Any CPU
		Release|Any CPU = Release|Any CPU
	EndGlobalSection
	GlobalSection(ProjectConfigurationPlatforms) = postSolution
		{2158B253-12D6-40EE-8EDA-EE9602409DA5}.Debug|Any CPU.ActiveCfg = Debug|Any CPU
		{2158B253-12D6-40EE-8EDA-EE9602409DA5}.Debug|Any CPU.Build.0 = Debug|Any CPU
		{2158B253-12D6-40EE-8EDA-EE9602409DA5}.Release|Any CPU.ActiveCfg = Release|Any CPU
		{2158B253-12D6-40EE-8EDA-EE9602409DA5}.Release|Any CPU.Build.0 = Release|Any CPU
	EndGlobalSection
	GlobalSection(SolutionProperties) = preSolution
		HideSolutionNode = FALSE
	EndGlobalSection
	GlobalSection(ExtensibilityGlobals) = postSolution
		SolutionGuid = {0D46A332-BB6A-4701-819C-D68D49317752}
	EndGlobalSection
EndGlobal
