
Microsoft Visual Studio Solution File, Format Version 12.00
# Visual Studio Version 17
VisualStudioVersion = 17.11.35327.3
MinimumVisualStudioVersion = 10.0.40219.1
Project("{FAE04EC0-301F-11D3-BF4B-00C04F79EFBC}") = "AppArrayAssignment", "AppArrayAssignment\AppArrayAssignment.csproj", "{29501ED6-D891-43F2-8632-110F7EC66474}"
EndProject
Global
	GlobalSection(SolutionConfigurationPlatforms) = preSolution
		Debug|Any CPU = Debug|Any CPU
		Release|Any CPU = Release|Any CPU
	EndGlobalSection
	GlobalSection(ProjectConfigurationPlatforms) = postSolution
		{29501ED6-D891-43F2-8632-110F7EC66474}.Debug|Any CPU.ActiveCfg = Debug|Any CPU
		{29501ED6-D891-43F2-8632-110F7EC66474}.Debug|Any CPU.Build.0 = Debug|Any CPU
		{29501ED6-D891-43F2-8632-110F7EC66474}.Release|Any CPU.ActiveCfg = Release|Any CPU
		{29501ED6-D891-43F2-8632-110F7EC66474}.Release|Any CPU.Build.0 = Release|Any CPU
	EndGlobalSection
	GlobalSection(SolutionProperties) = preSolution
		HideSolutionNode = FALSE
	EndGlobalSection
	GlobalSection(ExtensibilityGlobals) = postSolution
		SolutionGuid = {E6D3B9E2-885C-4634-AE25-A970642A6402}
	EndGlobalSection
EndGlobal
