
Microsoft Visual Studio Solution File, Format Version 12.00
# Visual Studio Version 17
VisualStudioVersion = 17.11.35312.102
MinimumVisualStudioVersion = 10.0.40219.1
Project("{FAE04EC0-301F-11D3-BF4B-00C04F79EFBC}") = "MathAndComparisonOperator", "MathAndComparisonOperator\MathAndComparisonOperator.csproj", "{50BCB155-7C9A-4A73-9C37-4CC22BE93DEC}"
EndProject
Global
	GlobalSection(SolutionConfigurationPlatforms) = preSolution
		Debug|Any CPU = Debug|Any CPU
		Release|Any CPU = Release|Any CPU
	EndGlobalSection
	GlobalSection(ProjectConfigurationPlatforms) = postSolution
		{50BCB155-7C9A-4A73-9C37-4CC22BE93DEC}.Debug|Any CPU.ActiveCfg = Debug|Any CPU
		{50BCB155-7C9A-4A73-9C37-4CC22BE93DEC}.Debug|Any CPU.Build.0 = Debug|Any CPU
		{50BCB155-7C9A-4A73-9C37-4CC22BE93DEC}.Release|Any CPU.ActiveCfg = Release|Any CPU
		{50BCB155-7C9A-4A73-9C37-4CC22BE93DEC}.Release|Any CPU.Build.0 = Release|Any CPU
	EndGlobalSection
	GlobalSection(SolutionProperties) = preSolution
		HideSolutionNode = FALSE
	EndGlobalSection
	GlobalSection(ExtensibilityGlobals) = postSolution
		SolutionGuid = {80F770AA-EA4D-438B-8D6A-5B1FE7E52F1C}
	EndGlobalSection
EndGlobal
