
Microsoft Visual Studio Solution File, Format Version 12.00
# Visual Studio Version 17
VisualStudioVersion = 17.11.35312.102
MinimumVisualStudioVersion = 10.0.40219.1
Project("{FAE04EC0-301F-11D3-BF4B-00C04F79EFBC}") = "myConsoleProject.cs", "myConsoleProject.cs\myConsoleProject.cs.csproj", "{6EC9487F-7926-4974-8CE3-0B5C50F79585}"
EndProject
Global
	GlobalSection(SolutionConfigurationPlatforms) = preSolution
		Debug|Any CPU = Debug|Any CPU
		Release|Any CPU = Release|Any CPU
	EndGlobalSection
	GlobalSection(ProjectConfigurationPlatforms) = postSolution
		{6EC9487F-7926-4974-8CE3-0B5C50F79585}.Debug|Any CPU.ActiveCfg = Debug|Any CPU
		{6EC9487F-7926-4974-8CE3-0B5C50F79585}.Debug|Any CPU.Build.0 = Debug|Any CPU
		{6EC9487F-7926-4974-8CE3-0B5C50F79585}.Release|Any CPU.ActiveCfg = Release|Any CPU
		{6EC9487F-7926-4974-8CE3-0B5C50F79585}.Release|Any CPU.Build.0 = Release|Any CPU
	EndGlobalSection
	GlobalSection(SolutionProperties) = preSolution
		HideSolutionNode = FALSE
	EndGlobalSection
	GlobalSection(ExtensibilityGlobals) = postSolution
		SolutionGuid = {DC166641-4EA4-44D5-ACEA-877BCB16986B}
	EndGlobalSection
EndGlobal
