
Microsoft Visual Studio Solution File, Format Version 12.00
# Visual Studio Version 17
VisualStudioVersion = 17.11.35312.102
MinimumVisualStudioVersion = 10.0.40219.1
Project("{FAE04EC0-301F-11D3-BF4B-00C04F79EFBC}") = "Scores", "Scores\Scores.csproj", "{541C1BA1-1134-40A2-8C12-14D49A3DE2A7}"
EndProject
Global
	GlobalSection(SolutionConfigurationPlatforms) = preSolution
		Debug|Any CPU = Debug|Any CPU
		Release|Any CPU = Release|Any CPU
	EndGlobalSection
	GlobalSection(ProjectConfigurationPlatforms) = postSolution
		{541C1BA1-1134-40A2-8C12-14D49A3DE2A7}.Debug|Any CPU.ActiveCfg = Debug|Any CPU
		{541C1BA1-1134-40A2-8C12-14D49A3DE2A7}.Debug|Any CPU.Build.0 = Debug|Any CPU
		{541C1BA1-1134-40A2-8C12-14D49A3DE2A7}.Release|Any CPU.ActiveCfg = Release|Any CPU
		{541C1BA1-1134-40A2-8C12-14D49A3DE2A7}.Release|Any CPU.Build.0 = Release|Any CPU
	EndGlobalSection
	GlobalSection(SolutionProperties) = preSolution
		HideSolutionNode = FALSE
	EndGlobalSection
	GlobalSection(ExtensibilityGlobals) = postSolution
		SolutionGuid = {0FF9CD45-5BE2-4325-B67D-EA9996915962}
	EndGlobalSection
EndGlobal
