
Microsoft Visual Studio Solution File, Format Version 12.00
# Visual Studio Version 17
VisualStudioVersion = 17.11.35327.3
MinimumVisualStudioVersion = 10.0.40219.1
Project("{FAE04EC0-301F-11D3-BF4B-00C04F79EFBC}") = "ClassSubmission7OverloadOp", "ClassSubmission7OverloadOp\ClassSubmission7OverloadOp.csproj", "{9FB71517-F248-42FB-866B-6B01EDBBB202}"
EndProject
Global
	GlobalSection(SolutionConfigurationPlatforms) = preSolution
		Debug|Any CPU = Debug|Any CPU
		Release|Any CPU = Release|Any CPU
	EndGlobalSection
	GlobalSection(ProjectConfigurationPlatforms) = postSolution
		{9FB71517-F248-42FB-866B-6B01EDBBB202}.Debug|Any CPU.ActiveCfg = Debug|Any CPU
		{9FB71517-F248-42FB-866B-6B01EDBBB202}.Debug|Any CPU.Build.0 = Debug|Any CPU
		{9FB71517-F248-42FB-866B-6B01EDBBB202}.Release|Any CPU.ActiveCfg = Release|Any CPU
		{9FB71517-F248-42FB-866B-6B01EDBBB202}.Release|Any CPU.Build.0 = Release|Any CPU
	EndGlobalSection
	GlobalSection(SolutionProperties) = preSolution
		HideSolutionNode = FALSE
	EndGlobalSection
	GlobalSection(ExtensibilityGlobals) = postSolution
		SolutionGuid = {DB9D077E-5554-4038-99AC-54D3E42B368A}
	EndGlobalSection
EndGlobal
