
Microsoft Visual Studio Solution File, Format Version 12.00
# Visual Studio Version 17
VisualStudioVersion = 17.11.35327.3
MinimumVisualStudioVersion = 10.0.40219.1
Project("{FAE04EC0-301F-11D3-BF4B-00C04F79EFBC}") = "TwentyOneProject", "TwentyOneProject\TwentyOneProject.csproj", "{C772625A-DB60-4853-A2F5-8D335153507F}"
EndProject
Project("{FAE04EC0-301F-11D3-BF4B-00C04F79EFBC}") = "Casino", "Casino\Casino.csproj", "{913E231A-63B9-444F-AFA1-99A9649E3F41}"
EndProject
Global
	GlobalSection(SolutionConfigurationPlatforms) = preSolution
		Debug|Any CPU = Debug|Any CPU
		Release|Any CPU = Release|Any CPU
	EndGlobalSection
	GlobalSection(ProjectConfigurationPlatforms) = postSolution
		{C772625A-DB60-4853-A2F5-8D335153507F}.Debug|Any CPU.ActiveCfg = Debug|Any CPU
		{C772625A-DB60-4853-A2F5-8D335153507F}.Debug|Any CPU.Build.0 = Debug|Any CPU
		{C772625A-DB60-4853-A2F5-8D335153507F}.Release|Any CPU.ActiveCfg = Release|Any CPU
		{C772625A-DB60-4853-A2F5-8D335153507F}.Release|Any CPU.Build.0 = Release|Any CPU
		{913E231A-63B9-444F-AFA1-99A9649E3F41}.Debug|Any CPU.ActiveCfg = Debug|Any CPU
		{913E231A-63B9-444F-AFA1-99A9649E3F41}.Debug|Any CPU.Build.0 = Debug|Any CPU
		{913E231A-63B9-444F-AFA1-99A9649E3F41}.Release|Any CPU.ActiveCfg = Release|Any CPU
		{913E231A-63B9-444F-AFA1-99A9649E3F41}.Release|Any CPU.Build.0 = Release|Any CPU
	EndGlobalSection
	GlobalSection(SolutionProperties) = preSolution
		HideSolutionNode = FALSE
	EndGlobalSection
	GlobalSection(ExtensibilityGlobals) = postSolution
		SolutionGuid = {B02C2F78-EB27-4631-9CCE-B14849517B07}
	EndGlobalSection
EndGlobal
