
Microsoft Visual Studio Solution File, Format Version 12.00
# Visual Studio Version 17
VisualStudioVersion = 17.11.35327.3
MinimumVisualStudioVersion = 10.0.40219.1
Project("{FAE04EC0-301F-11D3-BF4B-00C04F79EFBC}") = "IterationVideo", "IterationVideo\IterationVideo.csproj", "{848E5194-4921-4C30-90EE-1BC5334651A6}"
EndProject
Global
	GlobalSection(SolutionConfigurationPlatforms) = preSolution
		Debug|Any CPU = Debug|Any CPU
		Release|Any CPU = Release|Any CPU
	EndGlobalSection
	GlobalSection(ProjectConfigurationPlatforms) = postSolution
		{848E5194-4921-4C30-90EE-1BC5334651A6}.Debug|Any CPU.ActiveCfg = Debug|Any CPU
		{848E5194-4921-4C30-90EE-1BC5334651A6}.Debug|Any CPU.Build.0 = Debug|Any CPU
		{848E5194-4921-4C30-90EE-1BC5334651A6}.Release|Any CPU.ActiveCfg = Release|Any CPU
		{848E5194-4921-4C30-90EE-1BC5334651A6}.Release|Any CPU.Build.0 = Release|Any CPU
	EndGlobalSection
	GlobalSection(SolutionProperties) = preSolution
		HideSolutionNode = FALSE
	EndGlobalSection
	GlobalSection(ExtensibilityGlobals) = postSolution
		SolutionGuid = {95D8CB7D-244F-4432-B6B3-BC3D98DEAAC3}
	EndGlobalSection
EndGlobal
