
Microsoft Visual Studio Solution File, Format Version 12.00
# Visual Studio Version 17
VisualStudioVersion = 17.11.35327.3
MinimumVisualStudioVersion = 10.0.40219.1
Project("{FAE04EC0-301F-11D3-BF4B-00C04F79EFBC}") = "TechStoreInventory", "TechStoreInventory\TechStoreInventory.csproj", "{4AF17E74-B97C-4279-9DA8-2EEFBADCC5FC}"
EndProject
Global
	GlobalSection(SolutionConfigurationPlatforms) = preSolution
		Debug|Any CPU = Debug|Any CPU
		Release|Any CPU = Release|Any CPU
	EndGlobalSection
	GlobalSection(ProjectConfigurationPlatforms) = postSolution
		{4AF17E74-B97C-4279-9DA8-2EEFBADCC5FC}.Debug|Any CPU.ActiveCfg = Debug|Any CPU
		{4AF17E74-B97C-4279-9DA8-2EEFBADCC5FC}.Debug|Any CPU.Build.0 = Debug|Any CPU
		{4AF17E74-B97C-4279-9DA8-2EEFBADCC5FC}.Release|Any CPU.ActiveCfg = Release|Any CPU
		{4AF17E74-B97C-4279-9DA8-2EEFBADCC5FC}.Release|Any CPU.Build.0 = Release|Any CPU
	EndGlobalSection
	GlobalSection(SolutionProperties) = preSolution
		HideSolutionNode = FALSE
	EndGlobalSection
	GlobalSection(ExtensibilityGlobals) = postSolution
		SolutionGuid = {F0EEC143-6013-48D3-9D3E-B41DFEF5E632}
	EndGlobalSection
EndGlobal
